
Microsoft Visual Studio Solution File, Format Version 12.00
# Visual Studio 15
VisualStudioVersion = 15.0.27428.2037
MinimumVisualStudioVersion = 10.0.40219.1
Project("{FAE04EC0-301F-11D3-BF4B-00C04F79EFBC}") = "AssemblyRover", "AssemblyRover\AssemblyRover.csproj", "{9978CDF8-A5D5-4167-87EF-376FFD8DA4D2}"
EndProject
Project("{FAE04EC0-301F-11D3-BF4B-00C04F79EFBC}") = "AssemblyRover.Tests", "AssemblyRover.Tests\AssemblyRover.Tests.csproj", "{5DBC67A3-5D94-4F9B-ACFE-94F9A37D228D}"
EndProject
Global
	GlobalSection(SolutionConfigurationPlatforms) = preSolution
		Debug|Any CPU = Debug|Any CPU
		Release|Any CPU = Release|Any CPU
	EndGlobalSection
	GlobalSection(ProjectConfigurationPlatforms) = postSolution
		{9978CDF8-A5D5-4167-87EF-376FFD8DA4D2}.Debug|Any CPU.ActiveCfg = Debug|Any CPU
		{9978CDF8-A5D5-4167-87EF-376FFD8DA4D2}.Debug|Any CPU.Build.0 = Debug|Any CPU
		{9978CDF8-A5D5-4167-87EF-376FFD8DA4D2}.Release|Any CPU.ActiveCfg = Release|Any CPU
		{9978CDF8-A5D5-4167-87EF-376FFD8DA4D2}.Release|Any CPU.Build.0 = Release|Any CPU
		{5DBC67A3-5D94-4F9B-ACFE-94F9A37D228D}.Debug|Any CPU.ActiveCfg = Debug|Any CPU
		{5DBC67A3-5D94-4F9B-ACFE-94F9A37D228D}.Debug|Any CPU.Build.0 = Debug|Any CPU
		{5DBC67A3-5D94-4F9B-ACFE-94F9A37D228D}.Release|Any CPU.ActiveCfg = Release|Any CPU
		{5DBC67A3-5D94-4F9B-ACFE-94F9A37D228D}.Release|Any CPU.Build.0 = Release|Any CPU
	EndGlobalSection
	GlobalSection(SolutionProperties) = preSolution
		HideSolutionNode = FALSE
	EndGlobalSection
	GlobalSection(ExtensibilityGlobals) = postSolution
		SolutionGuid = {4443A917-CFD9-46DB-9739-F09088A945CA}
	EndGlobalSection
EndGlobal
